// !$*UTF8*$!
{
	archiveVersion = 1;
	classes = {
	};
	objectVersion = 46;
	objects = {

/* Begin PBXBuildFile section */
		1E29885C1C65FAF100DB18DA /* AppDelegate.swift in Sources */ = {isa = PBXBuildFile; fileRef = 1E29885B1C65FAF100DB18DA /* AppDelegate.swift */; };
		1E29885E1C65FAF100DB18DA /* ViewController.swift in Sources */ = {isa = PBXBuildFile; fileRef = 1E29885D1C65FAF100DB18DA /* ViewController.swift */; };
		1E2988611C65FAF100DB18DA /* Main.storyboard in Resources */ = {isa = PBXBuildFile; fileRef = 1E29885F1C65FAF100DB18DA /* Main.storyboard */; };
		1E2988631C65FAF100DB18DA /* Assets.xcassets in Resources */ = {isa = PBXBuildFile; fileRef = 1E2988621C65FAF100DB18DA /* Assets.xcassets */; };
		1E2988661C65FAF100DB18DA /* LaunchScreen.storyboard in Resources */ = {isa = PBXBuildFile; fileRef = 1E2988641C65FAF100DB18DA /* LaunchScreen.storyboard */; };
		1E699A411C665877003A02A8 /* EventEmitter.swift in Sources */ = {isa = PBXBuildFile; fileRef = 1E699A401C665877003A02A8 /* EventEmitter.swift */; };
		1E699A441C666504003A02A8 /* CounterStore.swift in Sources */ = {isa = PBXBuildFile; fileRef = 1E699A431C666504003A02A8 /* CounterStore.swift */; };
		1E699A471C66654B003A02A8 /* CounterAction.swift in Sources */ = {isa = PBXBuildFile; fileRef = 1E699A461C66654B003A02A8 /* CounterAction.swift */; };
/* End PBXBuildFile section */

/* Begin PBXFileReference section */
		1E2988581C65FAF100DB18DA /* mini-flux.app */ = {isa = PBXFileReference; explicitFileType = wrapper.application; includeInIndex = 0; path = "mini-flux.app"; sourceTree = BUILT_PRODUCTS_DIR; };
		1E29885B1C65FAF100DB18DA /* AppDelegate.swift */ = {isa = PBXFileReference; lastKnownFileType = sourcecode.swift; path = AppDelegate.swift; sourceTree = "<group>"; };
		1E29885D1C65FAF100DB18DA /* ViewController.swift */ = {isa = PBXFileReference; lastKnownFileType = sourcecode.swift; path = ViewController.swift; sourceTree = "<group>"; };
		1E2988601C65FAF100DB18DA /* Base */ = {isa = PBXFileReference; lastKnownFileType = file.storyboard; name = Base; path = Base.lproj/Main.storyboard; sourceTree = "<group>"; };
		1E2988621C65FAF100DB18DA /* Assets.xcassets */ = {isa = PBXFileReference; lastKnownFileType = folder.assetcatalog; path = Assets.xcassets; sourceTree = "<group>"; };
		1E2988651C65FAF100DB18DA /* Base */ = {isa = PBXFileReference; lastKnownFileType = file.storyboard; name = Base; path = Base.lproj/LaunchScreen.storyboard; sourceTree = "<group>"; };
		1E2988671C65FAF100DB18DA /* Info.plist */ = {isa = PBXFileReference; lastKnownFileType = text.plist.xml; path = Info.plist; sourceTree = "<group>"; };
		1E699A401C665877003A02A8 /* EventEmitter.swift */ = {isa = PBXFileReference; fileEncoding = 4; lastKnownFileType = sourcecode.swift; path = EventEmitter.swift; sourceTree = "<group>"; };
		1E699A431C666504003A02A8 /* CounterStore.swift */ = {isa = PBXFileReference; fileEncoding = 4; lastKnownFileType = sourcecode.swift; path = CounterStore.swift; sourceTree = "<group>"; };
		1E699A461C66654B003A02A8 /* CounterAction.swift */ = {isa = PBXFileReference; fileEncoding = 4; lastKnownFileType = sourcecode.swift; path = CounterAction.swift; sourceTree = "<group>"; };
/* End PBXFileReference section */

/* Begin PBXFrameworksBuildPhase section */
		1E2988551C65FAF100DB18DA /* Frameworks */ = {
			isa = PBXFrameworksBuildPhase;
			buildActionMask = 2147483647;
			files = (
			);
			runOnlyForDeploymentPostprocessing = 0;
		};
/* End PBXFrameworksBuildPhase section */

/* Begin PBXGroup section */
		1E29884F1C65FAF100DB18DA = {
			isa = PBXGroup;
			children = (
				1E2988591C65FAF100DB18DA /* Products */,
				1E29885A1C65FAF100DB18DA /* mini-flux */,
			);
			sourceTree = "<group>";
		};
		1E2988591C65FAF100DB18DA /* Products */ = {
			isa = PBXGroup;
			children = (
				1E2988581C65FAF100DB18DA /* mini-flux.app */,
			);
			name = Products;
			sourceTree = "<group>";
		};
		1E29885A1C65FAF100DB18DA /* mini-flux */ = {
			isa = PBXGroup;
			children = (
				1E699A451C66651B003A02A8 /* actions */,
				1E699A421C6664C3003A02A8 /* stores */,
				1E29885B1C65FAF100DB18DA /* AppDelegate.swift */,
				1E2988621C65FAF100DB18DA /* Assets.xcassets */,
				1E699A401C665877003A02A8 /* EventEmitter.swift */,
				1E2988671C65FAF100DB18DA /* Info.plist */,
				1E2988641C65FAF100DB18DA /* LaunchScreen.storyboard */,
				1E29885F1C65FAF100DB18DA /* Main.storyboard */,
				1E29885D1C65FAF100DB18DA /* ViewController.swift */,
			);
			path = "mini-flux";
			sourceTree = "<group>";
		};
		1E699A421C6664C3003A02A8 /* stores */ = {
			isa = PBXGroup;
			children = (
				1E699A431C666504003A02A8 /* CounterStore.swift */,
			);
			path = stores;
			sourceTree = "<group>";
		};
		1E699A451C66651B003A02A8 /* actions */ = {
			isa = PBXGroup;
			children = (
				1E699A461C66654B003A02A8 /* CounterAction.swift */,
			);
			path = actions;
			sourceTree = "<group>";
		};
/* End PBXGroup section */

/* Begin PBXNativeTarget section */
		1E2988571C65FAF100DB18DA /* mini-flux */ = {
			isa = PBXNativeTarget;
			buildConfigurationList = 1E29886A1C65FAF100DB18DA /* Build configuration list for PBXNativeTarget "mini-flux" */;
			buildPhases = (
				1E2988541C65FAF100DB18DA /* Sources */,
				1E2988551C65FAF100DB18DA /* Frameworks */,
				1E2988561C65FAF100DB18DA /* Resources */,
			);
			buildRules = (
			);
			dependencies = (
			);
			name = "mini-flux";
			productName = "mini-flux";
			productReference = 1E2988581C65FAF100DB18DA /* mini-flux.app */;
			productType = "com.apple.product-type.application";
		};
/* End PBXNativeTarget section */

/* Begin PBXProject section */
		1E2988501C65FAF100DB18DA /* Project object */ = {
			isa = PBXProject;
			attributes = {
				LastSwiftUpdateCheck = 0720;
				LastUpgradeCheck = 0720;
				ORGANIZATIONNAME = to4iki;
				TargetAttributes = {
					1E2988571C65FAF100DB18DA = {
						CreatedOnToolsVersion = 7.2.1;
						DevelopmentTeam = KX9834768X;
					};
				};
			};
			buildConfigurationList = 1E2988531C65FAF100DB18DA /* Build configuration list for PBXProject "mini-flux" */;
			compatibilityVersion = "Xcode 3.2";
			developmentRegion = English;
			hasScannedForEncodings = 0;
			knownRegions = (
				en,
				Base,
			);
			mainGroup = 1E29884F1C65FAF100DB18DA;
			productRefGroup = 1E2988591C65FAF100DB18DA /* Products */;
			projectDirPath = "";
			projectRoot = "";
			targets = (
				1E2988571C65FAF100DB18DA /* mini-flux */,
			);
		};
/* End PBXProject section */

/* Begin PBXResourcesBuildPhase section */
		1E2988561C65FAF100DB18DA /* Resources */ = {
			isa = PBXResourcesBuildPhase;
			buildActionMask = 2147483647;
			files = (
				1E2988661C65FAF100DB18DA /* LaunchScreen.storyboard in Resources */,
				1E2988631C65FAF100DB18DA /* Assets.xcassets in Resources */,
				1E2988611C65FAF100DB18DA /* Main.storyboard in Resources */,
			);
			runOnlyForDeploymentPostprocessing = 0;
		};
/* End PBXResourcesBuildPhase section */

/* Begin PBXSourcesBuildPhase section */
		1E2988541C65FAF100DB18DA /* Sources */ = {
			isa = PBXSourcesBuildPhase;
			buildActionMask = 2147483647;
			files = (
				1E29885E1C65FAF100DB18DA /* ViewController.swift in Sources */,
				1E699A411C665877003A02A8 /* EventEmitter.swift in Sources */,
				1E699A441C666504003A02A8 /* CounterStore.swift in Sources */,
				1E29885C1C65FAF100DB18DA /* AppDelegate.swift in Sources */,
				1E699A471C66654B003A02A8 /* CounterAction.swift in Sources */,
			);
			runOnlyForDeploymentPostprocessing = 0;
		};
/* End PBXSourcesBuildPhase section */

/* Begin PBXVariantGroup section */
		1E29885F1C65FAF100DB18DA /* Main.storyboard */ = {
			isa = PBXVariantGroup;
			children = (
				1E2988601C65FAF100DB18DA /* Base */,
			);
			name = Main.storyboard;
			path = .;
			sourceTree = "<group>";
		};
		1E2988641C65FAF100DB18DA /* LaunchScreen.storyboard */ = {
			isa = PBXVariantGroup;
			children = (
				1E2988651C65FAF100DB18DA /* Base */,
			);
			name = LaunchScreen.storyboard;
			path = .;
			sourceTree = "<group>";
		};
/* End PBXVariantGroup section */

/* Begin XCBuildConfiguration section */
		1E2988681C65FAF100DB18DA /* Debug */ = {
			isa = XCBuildConfiguration;
			buildSettings = {
				ALWAYS_SEARCH_USER_PATHS = NO;
				CLANG_CXX_LANGUAGE_STANDARD = "gnu++0x";
				CLANG_CXX_LIBRARY = "libc++";
				CLANG_ENABLE_MODULES = YES;
				CLANG_ENABLE_OBJC_ARC = YES;
				CLANG_WARN_BOOL_CONVERSION = YES;
				CLANG_WARN_CONSTANT_CONVERSION = YES;
				CLANG_WARN_DIRECT_OBJC_ISA_USAGE = YES_ERROR;
				CLANG_WARN_EMPTY_BODY = YES;
				CLANG_WARN_ENUM_CONVERSION = YES;
				CLANG_WARN_INT_CONVERSION = YES;
				CLANG_WARN_OBJC_ROOT_CLASS = YES_ERROR;
				CLANG_WARN_UNREACHABLE_CODE = YES;
				CLANG_WARN__DUPLICATE_METHOD_MATCH = YES;
				"CODE_SIGN_IDENTITY[sdk=iphoneos*]" = "iPhone Developer";
				COPY_PHASE_STRIP = NO;
				DEBUG_INFORMATION_FORMAT = dwarf;
				ENABLE_STRICT_OBJC_MSGSEND = YES;
				ENABLE_TESTABILITY = YES;
				GCC_C_LANGUAGE_STANDARD = gnu99;
				GCC_DYNAMIC_NO_PIC = NO;
				GCC_NO_COMMON_BLOCKS = YES;
				GCC_OPTIMIZATION_LEVEL = 0;
				GCC_PREPROCESSOR_DEFINITIONS = (
					"DEBUG=1",
					"$(inherited)",
				);
				GCC_WARN_64_TO_32_BIT_CONVERSION = YES;
				GCC_WARN_ABOUT_RETURN_TYPE = YES_ERROR;
				GCC_WARN_UNDECLARED_SELECTOR = YES;
				GCC_WARN_UNINITIALIZED_AUTOS = YES_AGGRESSIVE;
				GCC_WARN_UNUSED_FUNCTION = YES;
				GCC_WARN_UNUSED_VARIABLE = YES;
				IPHONEOS_DEPLOYMENT_TARGET = 9.2;
				MTL_ENABLE_DEBUG_INFO = YES;
				ONLY_ACTIVE_ARCH = YES;
				SDKROOT = iphoneos;
				SWIFT_OPTIMIZATION_LEVEL = "-Onone";
			};
			name = Debug;
		};
		1E2988691C65FAF100DB18DA /* Release */ = {
			isa = XCBuildConfiguration;
			buildSettings = {
				ALWAYS_SEARCH_USER_PATHS = NO;
				CLANG_CXX_LANGUAGE_STANDARD = "gnu++0x";
				CLANG_CXX_LIBRARY = "libc++";
				CLANG_ENABLE_MODULES = YES;
				CLANG_ENABLE_OBJC_ARC = YES;
				CLANG_WARN_BOOL_CONVERSION = YES;
				CLANG_WARN_CONSTANT_CONVERSION = YES;
				CLANG_WARN_DIRECT_OBJC_ISA_USAGE = YES_ERROR;
				CLANG_WARN_EMPTY_BODY = YES;
				CLANG_WARN_ENUM_CONVERSION = YES;
				CLANG_WARN_INT_CONVERSION = YES;
				CLANG_WARN_OBJC_ROOT_CLASS = YES_ERROR;
				CLANG_WARN_UNREACHABLE_CODE = YES;
				CLANG_WARN__DUPLICATE_METHOD_MATCH = YES;
				"CODE_SIGN_IDENTITY[sdk=iphoneos*]" = "iPhone Developer";
				COPY_PHASE_STRIP = NO;
				DEBUG_INFORMATION_FORMAT = "dwarf-with-dsym";
				ENABLE_NS_ASSERTIONS = NO;
				ENABLE_STRICT_OBJC_MSGSEND = YES;
				GCC_C_LANGUAGE_STANDARD = gnu99;
				GCC_NO_COMMON_BLOCKS = YES;
				GCC_WARN_64_TO_32_BIT_CONVERSION = YES;
				GCC_WARN_ABOUT_RETURN_TYPE = YES_ERROR;
				GCC_WARN_UNDECLARED_SELECTOR = YES;
				GCC_WARN_UNINITIALIZED_AUTOS = YES_AGGRESSIVE;
				GCC_WARN_UNUSED_FUNCTION = YES;
				GCC_WARN_UNUSED_VARIABLE = YES;
				IPHONEOS_DEPLOYMENT_TARGET = 9.2;
				MTL_ENABLE_DEBUG_INFO = NO;
				SDKROOT = iphoneos;
				VALIDATE_PRODUCT = YES;
			};
			name = Release;
		};
		1E29886B1C65FAF100DB18DA /* Debug */ = {
			isa = XCBuildConfiguration;
			buildSettings = {
				ASSETCATALOG_COMPILER_APPICON_NAME = AppIcon;
				INFOPLIST_FILE = "mini-flux/Info.plist";
				LD_RUNPATH_SEARCH_PATHS = "$(inherited) @executable_path/Frameworks";
				PRODUCT_BUNDLE_IDENTIFIER = "com.github.to4iki.mini-flux";
				PRODUCT_NAME = "$(TARGET_NAME)";
			};
			name = Debug;
		};
		1E29886C1C65FAF100DB18DA /* Release */ = {
			isa = XCBuildConfiguration;
			buildSettings = {
				ASSETCATALOG_COMPILER_APPICON_NAME = AppIcon;
				INFOPLIST_FILE = "mini-flux/Info.plist";
				LD_RUNPATH_SEARCH_PATHS = "$(inherited) @executable_path/Frameworks";
				PRODUCT_BUNDLE_IDENTIFIER = "com.github.to4iki.mini-flux";
				PRODUCT_NAME = "$(TARGET_NAME)";
			};
			name = Release;
		};
/* End XCBuildConfiguration section */

/* Begin XCConfigurationList section */
		1E2988531C65FAF100DB18DA /* Build configuration list for PBXProject "mini-flux" */ = {
			isa = XCConfigurationList;
			buildConfigurations = (
				1E2988681C65FAF100DB18DA /* Debug */,
				1E2988691C65FAF100DB18DA /* Release */,
			);
			defaultConfigurationIsVisible = 0;
			defaultConfigurationName = Release;
		};
		1E29886A1C65FAF100DB18DA /* Build configuration list for PBXNativeTarget "mini-flux" */ = {
			isa = XCConfigurationList;
			buildConfigurations = (
				1E29886B1C65FAF100DB18DA /* Debug */,
				1E29886C1C65FAF100DB18DA /* Release */,
			);
			defaultConfigurationIsVisible = 0;
			defaultConfigurationName = Release;
		};
/* End XCConfigurationList section */
	};
	rootObject = 1E2988501C65FAF100DB18DA /* Project object */;
}
